{
  "name": "@flair-agency/gift-history-merge",
  "version": "1.1.0",
  "lockfileVersion": 3,
  "requires": true,
  "packages": {
    "": {
      "name": "@flair-agency/gift-history-merge",
      "version": "1.1.0",
      "license": "MIT",
      "dependencies": {
        "@flair-agency/cli-utils": "0.1.0",
        "@flair-agency/lark-base-provider": "1.1.0",
        "@flair-agency/private-files": "1.0.0",
        "@flair-agency/provider-protocol": "1.0.0",
        "@flair-agency/tiktok-ios-provider": "1.2.0"
      }
    },
    "node_modules/@clack/core": {
      "version": "1.4.3",
      "resolved": "https://registry.npmjs.org/@clack/core/-/core-1.4.3.tgz",
      "integrity": "sha512-/kr3UWNtdJfxZtPgDqUOmG2pvwlmcLGheex5yiZKdwbzZJxhV+HMNR9QNmyY5cGwTNV6LrR7Jtp+KjhUAP1qBQ==",
      "license": "MIT",
      "dependencies": {
        "fast-wrap-ansi": "^0.2.0",
        "sisteransi": "^1.0.5"
      },
      "engines": {
        "node": ">= 20.12.0"
      }
    },
    "node_modules/@clack/prompts": {
      "version": "1.7.0",
      "resolved": "https://registry.npmjs.org/@clack/prompts/-/prompts-1.7.0.tgz",
      "integrity": "sha512-y7/yvZ2TPAnR9+jnc00klvNNLkJiXFFrQA/hlLCcxA9a2A4zQIOimyFQ9XfwYKiGD1fb5GY8vbKIIgO8d5Tb2A==",
      "license": "MIT",
      "dependencies": {
        "@clack/core": "1.4.3",
        "fast-string-width": "^3.0.2",
        "fast-wrap-ansi": "^0.2.0",
        "sisteransi": "^1.0.5"
      },
      "engines": {
        "node": ">= 20.12.0"
      }
    },
    "node_modules/@flair-agency/cli-utils": {
      "version": "0.1.0",
      "resolved": "https://npm.pkg.github.com/download/@flair-agency/cli-utils/0.1.0/efe2fca890343b34ca68a03c7ef97c1f1c9493da",
      "integrity": "sha512-fNT9xs6Wzyay+C9sVRMmc0Ub9vkBH4T+8GlJ+ZGn2jbMBnHZh8fcQElhlk+Gwe4EJiIbd9I3jJxT+O7lN2s/Xw==",
      "license": "MIT"
    },
    "node_modules/@flair-agency/lark-base-provider": {
      "version": "1.1.0",
      "resolved": "https://npm.pkg.github.com/download/@flair-agency/lark-base-provider/1.1.0/1487dd6457a711632e5de8457c975e1ef66cc4fc",
      "integrity": "sha512-YAbS2exKkrGcIKkwoOMrI0ATMrgRjFv0Ho/ktuM0zNmDfObDOD0xDZvj1IPMSgB0FRI4xB3ycssM2BTpbcM5lg==",
      "dependencies": {
        "@flair-agency/lark-transport": "1.0.0"
      }
    },
    "node_modules/@flair-agency/lark-transport": {
      "version": "1.0.0",
      "resolved": "https://npm.pkg.github.com/download/@flair-agency/lark-transport/1.0.0/69cf773f7626bc4d2dd07350c8472d4e1707e5a7",
      "integrity": "sha512-MaJtNSZKr+Fp4d+yIv4f8uyChDwIG6nVZP2MQVAmohF3vj8KSDFAEOOO/mIV9yod6MrWJYKW8nxdA1UvEXHjdg==",
      "dependencies": {
        "@larksuite/cli": "1.0.93"
      },
      "engines": {
        "node": ">=22"
      }
    },
    "node_modules/@flair-agency/private-files": {
      "version": "1.0.0",
      "resolved": "https://npm.pkg.github.com/download/@flair-agency/private-files/1.0.0/3a00d22c4987d7513ef80789abe9771e7d53aa18",
      "integrity": "sha512-lOwliYNFE7c2u6Sn0q2c+gQ9aaNo168cAekGM8MOGNSWkZ0mtpBay6CC0cMvd122CDZiRvylVpjyOzdq3/vIBA==",
      "license": "MIT",
      "engines": {
        "node": ">=22"
      }
    },
    "node_modules/@flair-agency/provider-protocol": {
      "version": "1.0.0",
      "resolved": "https://npm.pkg.github.com/download/@flair-agency/provider-protocol/1.0.0/cbaf098ea79272c11873b0a3a54bd69ea2515dae",
      "integrity": "sha512-aeHgdzyQhz2Orjd18rW3vcyxls6rvjFTuva5UMcvgeLSkVq72EUTrTxHUEbTcbJ4UmSCsuPMvlFfPxkgQSlLbg==",
      "license": "MIT",
      "engines": {
        "node": ">=22"
      }
    },
    "node_modules/@flair-agency/tiktok-ios-provider": {
      "version": "1.2.0",
      "resolved": "https://npm.pkg.github.com/download/@flair-agency/tiktok-ios-provider/1.2.0/17631f27eda991f988bb43e4ad452599efe3af6c",
      "integrity": "sha512-emxONVIACc0puwNkeC0Mhxrwpzs9sJVviEb3gu4uP83spdNZbqdE+EkkvBPYkipG20Gx9j2Nc5TM1tJQAg5ydQ==",
      "peerDependencies": {
        "@flair-agency/private-files": "1.0.0",
        "@flair-agency/provider-protocol": "1.0.0"
      }
    },
    "node_modules/@larksuite/cli": {
      "version": "1.0.93",
      "resolved": "https://registry.npmjs.org/@larksuite/cli/-/cli-1.0.93.tgz",
      "integrity": "sha512-QARcHz96pfEzzRZdjXene5h9fJ46lCu5q2TWx+blLyOIXEPuJwi6bT+RT9hPOsKFW+bbGYvamU8LpD6FsIa5ew==",
      "cpu": [
        "x64",
        "arm64",
        "riscv64"
      ],
      "hasInstallScript": true,
      "license": "MIT",
      "os": [
        "darwin",
        "linux",
        "win32"
      ],
      "dependencies": {
        "@clack/prompts": "^1.2.0"
      },
      "bin": {
        "lark-cli": "scripts/run.js"
      },
      "engines": {
        "node": ">=16"
      }
    },
    "node_modules/fast-string-truncated-width": {
      "version": "3.0.3",
      "resolved": "https://registry.npmjs.org/fast-string-truncated-width/-/fast-string-truncated-width-3.0.3.tgz",
      "integrity": "sha512-0jjjIEL6+0jag3l2XWWizO64/aZVtpiGE3t0Zgqxv0DPuxiMjvB3M24fCyhZUO4KomJQPj3LTSUnDP3GpdwC0g==",
      "license": "MIT"
    },
    "node_modules/fast-string-width": {
      "version": "3.0.2",
      "resolved": "https://registry.npmjs.org/fast-string-width/-/fast-string-width-3.0.2.tgz",
      "integrity": "sha512-gX8LrtNEI5hq8DVUfRQMbr5lpaS4nMIWV+7XEbXk2b8kiQIizgnlr12B4dA3ZEx3308ze0O4Q1R+cHts8kyUJg==",
      "license": "MIT",
      "dependencies": {
        "fast-string-truncated-width": "^3.0.2"
      }
    },
    "node_modules/fast-wrap-ansi": {
      "version": "0.2.2",
      "resolved": "https://registry.npmjs.org/fast-wrap-ansi/-/fast-wrap-ansi-0.2.2.tgz",
      "integrity": "sha512-7F2Fl+TjRSenLqlU3UjSH0iyqopqoZIu7eZVpEirP2g1GtWa2G/ecEmBdgz31+Mxr+ELclgg6sokpSFIQiZ02Q==",
      "license": "MIT",
      "dependencies": {
        "fast-string-width": "^3.0.2"
      }
    },
    "node_modules/sisteransi": {
      "version": "1.0.5",
      "resolved": "https://registry.npmjs.org/sisteransi/-/sisteransi-1.0.5.tgz",
      "integrity": "sha512-bLGGlR1QxBcynn2d5YmDX4MGjlZvy2MRBDRNHLJ8VI6l6+9FUiyTFNJ0IveOSP0bcXgVDPRcfGqA0pjaqUpfVg==",
      "license": "MIT"
    }
  }
}
