{
  "name": "@flair-agency/gift-history-merge",
  "version": "1.0.0",
  "lockfileVersion": 3,
  "requires": true,
  "packages": {
    "": {
      "name": "@flair-agency/gift-history-merge",
      "version": "1.0.0",
      "license": "MIT",
      "dependencies": {
        "@flair-agency/cli-utils": "0.1.0",
        "@flair-agency/private-files": "1.0.0",
        "@flair-agency/provider-protocol": "1.0.0"
      }
    },
    "node_modules/@flair-agency/cli-utils": {
      "version": "0.1.0",
      "resolved": "https://npm.pkg.github.com/download/@flair-agency/cli-utils/0.1.0/efe2fca890343b34ca68a03c7ef97c1f1c9493da",
      "integrity": "sha512-fNT9xs6Wzyay+C9sVRMmc0Ub9vkBH4T+8GlJ+ZGn2jbMBnHZh8fcQElhlk+Gwe4EJiIbd9I3jJxT+O7lN2s/Xw==",
      "license": "MIT"
    },
    "node_modules/@flair-agency/private-files": {
      "version": "1.0.0",
      "resolved": "https://npm.pkg.github.com/download/@flair-agency/private-files/1.0.0/3a00d22c4987d7513ef80789abe9771e7d53aa18",
      "integrity": "sha512-lOwliYNFE7c2u6Sn0q2c+gQ9aaNo168cAekGM8MOGNSWkZ0mtpBay6CC0cMvd122CDZiRvylVpjyOzdq3/vIBA==",
      "license": "MIT",
      "engines": {
        "node": ">=22"
      }
    },
    "node_modules/@flair-agency/provider-protocol": {
      "version": "1.0.0",
      "resolved": "https://npm.pkg.github.com/download/@flair-agency/provider-protocol/1.0.0/cbaf098ea79272c11873b0a3a54bd69ea2515dae",
      "integrity": "sha512-aeHgdzyQhz2Orjd18rW3vcyxls6rvjFTuva5UMcvgeLSkVq72EUTrTxHUEbTcbJ4UmSCsuPMvlFfPxkgQSlLbg==",
      "license": "MIT",
      "engines": {
        "node": ">=22"
      }
    }
  }
}
